# This file is automatically @generated by Cargo.
# It is not intended for manual editing.
version = 3

[[package]]
name = "aho-corasick"
version = "1.0.2"
source = "registry+https://github.com/rust-lang/crates.io-index"
checksum = "43f6cb1bf222025340178f382c426f13757b2960e89779dfcb319c32542a5a41"
dependencies = [
 "memchr",
]

[[package]]
name = "bitmaps"
version = "3.2.0"
source = "registry+https://github.com/rust-lang/crates.io-index"
checksum = "703642b98a00b3b90513279a8ede3fcfa479c126c5fb46e78f3051522f021403"

[[package]]
name = "day16"
version = "0.1.0"
dependencies = [
 "bitmaps",
 "itertools",
 "regex",
]

[[package]]
name = "either"
version = "1.9.0"
source = "registry+https://github.com/rust-lang/crates.io-index"
checksum = "a26ae43d7bcc3b814de94796a5e736d4029efb0ee900c12e2d54c993ad1a1e07"

[[package]]
name = "itertools"
version = "0.11.0"
source = "registry+https://github.com/rust-lang/crates.io-index"
checksum = "b1c173a5686ce8bfa551b3563d0c2170bf24ca44da99c7ca4bfdab5418c3fe57"
dependencies = [
 "either",
]

[[package]]
name = "memchr"
version = "2.5.0"
source = "registry+https://github.com/rust-lang/crates.io-index"
checksum = "2dffe52ecf27772e601905b7522cb4ef790d2cc203488bbd0e2fe85fcb74566d"

[[package]]
name = "regex"
version = "1.8.4"
source = "registry+https://github.com/rust-lang/crates.io-index"
checksum = "d0ab3ca65655bb1e41f2a8c8cd662eb4fb035e67c3f78da1d61dffe89d07300f"
dependencies = [
 "aho-corasick",
 "memchr",
 "regex-syntax",
]

[[package]]
name = "regex-syntax"
version = "0.7.2"
source = "registry+https://github.com/rust-lang/crates.io-index"
checksum = "436b050e76ed2903236f032a59761c1eb99e1b0aead2c257922771dab1fc8c78"
